
Microsoft Visual Studio Solution File, Format Version 12.00
# Visual Studio 15
VisualStudioVersion = 15.0.27004.2005
MinimumVisualStudioVersion = 10.0.40219.1
Project("{FAE04EC0-301F-11D3-BF4B-00C04F79EFBC}") = "StudentsMarks", "StudentsMarks\StudentsMarks.csproj", "{59E24DC2-9361-4C03-BAED-7C0141002E84}"
EndProject
Global
	GlobalSection(SolutionConfigurationPlatforms) = preSolution
		Debug|Any CPU = Debug|Any CPU
		Release|Any CPU = Release|Any CPU
	EndGlobalSection
	GlobalSection(ProjectConfigurationPlatforms) = postSolution
		{59E24DC2-9361-4C03-BAED-7C0141002E84}.Debug|Any CPU.ActiveCfg = Debug|Any CPU
		{59E24DC2-9361-4C03-BAED-7C0141002E84}.Debug|Any CPU.Build.0 = Debug|Any CPU
		{59E24DC2-9361-4C03-BAED-7C0141002E84}.Release|Any CPU.ActiveCfg = Release|Any CPU
		{59E24DC2-9361-4C03-BAED-7C0141002E84}.Release|Any CPU.Build.0 = Release|Any CPU
	EndGlobalSection
	GlobalSection(SolutionProperties) = preSolution
		HideSolutionNode = FALSE
	EndGlobalSection
	GlobalSection(ExtensibilityGlobals) = postSolution
		SolutionGuid = {034500B0-0A89-49B1-B687-2980BA3A59CE}
	EndGlobalSection
EndGlobal
